
Microsoft Visual Studio Solution File, Format Version 12.00
# Visual Studio Version 16
VisualStudioVersion = 16.0.30907.101
MinimumVisualStudioVersion = 10.0.40219.1
Project("{FAE04EC0-301F-11D3-BF4B-00C04F79EFBC}") = "StudentAPIAPP", "StudentAPIAPP\StudentAPIAPP.csproj", "{F6F2C582-2F3F-4439-9A77-70526D8AA509}"
EndProject
Global
	GlobalSection(SolutionConfigurationPlatforms) = preSolution
		Debug|Any CPU = Debug|Any CPU
		Release|Any CPU = Release|Any CPU
	EndGlobalSection
	GlobalSection(ProjectConfigurationPlatforms) = postSolution
		{F6F2C582-2F3F-4439-9A77-70526D8AA509}.Debug|Any CPU.ActiveCfg = Debug|Any CPU
		{F6F2C582-2F3F-4439-9A77-70526D8AA509}.Debug|Any CPU.Build.0 = Debug|Any CPU
		{F6F2C582-2F3F-4439-9A77-70526D8AA509}.Release|Any CPU.ActiveCfg = Release|Any CPU
		{F6F2C582-2F3F-4439-9A77-70526D8AA509}.Release|Any CPU.Build.0 = Release|Any CPU
	EndGlobalSection
	GlobalSection(SolutionProperties) = preSolution
		HideSolutionNode = FALSE
	EndGlobalSection
	GlobalSection(ExtensibilityGlobals) = postSolution
		SolutionGuid = {B92BBC1E-B913-47D3-8805-5FB272863D8A}
	EndGlobalSection
EndGlobal
